
Microsoft Visual Studio Solution File, Format Version 12.00
# Visual Studio Version 17
VisualStudioVersion = 17.14.36623.8
MinimumVisualStudioVersion = 10.0.40219.1
Project("{FAE04EC0-301F-11D3-BF4B-00C04F79EFBC}") = "NovaCorpSmartHome", "NovaCorpSmartHome\NovaCorpSmartHome.csproj", "{863684AC-E30B-423B-AB0F-57280D76D19C}"
EndProject
Project("{FAE04EC0-301F-11D3-BF4B-00C04F79EFBC}") = "NovaCorpSmartHome.Tests", "NovaCorpSmartHome.Tests\NovaCorpSmartHome.Tests.csproj", "{42F151A7-5866-4136-A778-FADD1B947B93}"
	ProjectSection(ProjectDependencies) = postProject
		{863684AC-E30B-423B-AB0F-57280D76D19C} = {863684AC-E30B-423B-AB0F-57280D76D19C}
	EndProjectSection
EndProject
Global
	GlobalSection(SolutionConfigurationPlatforms) = preSolution
		Debug|Any CPU = Debug|Any CPU
		Release|Any CPU = Release|Any CPU
	EndGlobalSection
	GlobalSection(ProjectConfigurationPlatforms) = postSolution
		{863684AC-E30B-423B-AB0F-57280D76D19C}.Debug|Any CPU.ActiveCfg = Debug|Any CPU
		{863684AC-E30B-423B-AB0F-57280D76D19C}.Debug|Any CPU.Build.0 = Debug|Any CPU
		{863684AC-E30B-423B-AB0F-57280D76D19C}.Release|Any CPU.ActiveCfg = Release|Any CPU
		{863684AC-E30B-423B-AB0F-57280D76D19C}.Release|Any CPU.Build.0 = Release|Any CPU
		{42F151A7-5866-4136-A778-FADD1B947B93}.Debug|Any CPU.ActiveCfg = Debug|Any CPU
		{42F151A7-5866-4136-A778-FADD1B947B93}.Debug|Any CPU.Build.0 = Debug|Any CPU
		{42F151A7-5866-4136-A778-FADD1B947B93}.Release|Any CPU.ActiveCfg = Release|Any CPU
		{42F151A7-5866-4136-A778-FADD1B947B93}.Release|Any CPU.Build.0 = Release|Any CPU
	EndGlobalSection
	GlobalSection(SolutionProperties) = preSolution
		HideSolutionNode = FALSE
	EndGlobalSection
	GlobalSection(ExtensibilityGlobals) = postSolution
		SolutionGuid = {6CA4C5DC-B052-41EC-BFD9-96B331B99F91}
	EndGlobalSection
EndGlobal
